
Microsoft Visual Studio Solution File, Format Version 12.00
# Visual Studio Version 17
VisualStudioVersion = 17.0.31903.59
MinimumVisualStudioVersion = 10.0.40219.1
Project("{FAE04EC0-301F-11D3-BF4B-00C04F79EFBC}") = "AdminHotelApi", "AdminHotelApi\AdminHotelApi.csproj", "{19D72D60-C70C-45C0-A88B-2F0ACCD5F8CE}"
EndProject
Project("{FAE04EC0-301F-11D3-BF4B-00C04F79EFBC}") = "CustomerHotelApi", "CustomerHotelApi\CustomerHotelApi.csproj", "{D2A1E766-62B1-41F6-8109-F118781F361B}"
EndProject
Project("{FAE04EC0-301F-11D3-BF4B-00C04F79EFBC}") = "CommandHotelWorker", "CommandHotelWorker\CommandHotelWorker.csproj", "{B46F0D39-CFD2-498D-A99E-E74F86546C3F}"
EndProject
Project("{FAE04EC0-301F-11D3-BF4B-00C04F79EFBC}") = "TestConsole", "TestConsole\TestConsole.csproj", "{A042B154-AA60-4C57-A522-B7659062DC7E}"
EndProject
Project("{FAE04EC0-301F-11D3-BF4B-00C04F79EFBC}") = "Core", "Core\Core.csproj", "{088554B8-41BF-4E20-AF9C-C99DBA38D0DC}"
EndProject
Global
	GlobalSection(SolutionConfigurationPlatforms) = preSolution
		Debug|Any CPU = Debug|Any CPU
		Debug|x64 = Debug|x64
		Debug|x86 = Debug|x86
		Release|Any CPU = Release|Any CPU
		Release|x64 = Release|x64
		Release|x86 = Release|x86
	EndGlobalSection
	GlobalSection(ProjectConfigurationPlatforms) = postSolution
		{19D72D60-C70C-45C0-A88B-2F0ACCD5F8CE}.Debug|Any CPU.ActiveCfg = Debug|Any CPU
		{19D72D60-C70C-45C0-A88B-2F0ACCD5F8CE}.Debug|Any CPU.Build.0 = Debug|Any CPU
		{19D72D60-C70C-45C0-A88B-2F0ACCD5F8CE}.Debug|x64.ActiveCfg = Debug|Any CPU
		{19D72D60-C70C-45C0-A88B-2F0ACCD5F8CE}.Debug|x64.Build.0 = Debug|Any CPU
		{19D72D60-C70C-45C0-A88B-2F0ACCD5F8CE}.Debug|x86.ActiveCfg = Debug|Any CPU
		{19D72D60-C70C-45C0-A88B-2F0ACCD5F8CE}.Debug|x86.Build.0 = Debug|Any CPU
		{19D72D60-C70C-45C0-A88B-2F0ACCD5F8CE}.Release|Any CPU.ActiveCfg = Release|Any CPU
		{19D72D60-C70C-45C0-A88B-2F0ACCD5F8CE}.Release|Any CPU.Build.0 = Release|Any CPU
		{19D72D60-C70C-45C0-A88B-2F0ACCD5F8CE}.Release|x64.ActiveCfg = Release|Any CPU
		{19D72D60-C70C-45C0-A88B-2F0ACCD5F8CE}.Release|x64.Build.0 = Release|Any CPU
		{19D72D60-C70C-45C0-A88B-2F0ACCD5F8CE}.Release|x86.ActiveCfg = Release|Any CPU
		{19D72D60-C70C-45C0-A88B-2F0ACCD5F8CE}.Release|x86.Build.0 = Release|Any CPU
		{D2A1E766-62B1-41F6-8109-F118781F361B}.Debug|Any CPU.ActiveCfg = Debug|Any CPU
		{D2A1E766-62B1-41F6-8109-F118781F361B}.Debug|Any CPU.Build.0 = Debug|Any CPU
		{D2A1E766-62B1-41F6-8109-F118781F361B}.Debug|x64.ActiveCfg = Debug|Any CPU
		{D2A1E766-62B1-41F6-8109-F118781F361B}.Debug|x64.Build.0 = Debug|Any CPU
		{D2A1E766-62B1-41F6-8109-F118781F361B}.Debug|x86.ActiveCfg = Debug|Any CPU
		{D2A1E766-62B1-41F6-8109-F118781F361B}.Debug|x86.Build.0 = Debug|Any CPU
		{D2A1E766-62B1-41F6-8109-F118781F361B}.Release|Any CPU.ActiveCfg = Release|Any CPU
		{D2A1E766-62B1-41F6-8109-F118781F361B}.Release|Any CPU.Build.0 = Release|Any CPU
		{D2A1E766-62B1-41F6-8109-F118781F361B}.Release|x64.ActiveCfg = Release|Any CPU
		{D2A1E766-62B1-41F6-8109-F118781F361B}.Release|x64.Build.0 = Release|Any CPU
		{D2A1E766-62B1-41F6-8109-F118781F361B}.Release|x86.ActiveCfg = Release|Any CPU
		{D2A1E766-62B1-41F6-8109-F118781F361B}.Release|x86.Build.0 = Release|Any CPU
		{B46F0D39-CFD2-498D-A99E-E74F86546C3F}.Debug|Any CPU.ActiveCfg = Debug|Any CPU
		{B46F0D39-CFD2-498D-A99E-E74F86546C3F}.Debug|Any CPU.Build.0 = Debug|Any CPU
		{B46F0D39-CFD2-498D-A99E-E74F86546C3F}.Debug|x64.ActiveCfg = Debug|Any CPU
		{B46F0D39-CFD2-498D-A99E-E74F86546C3F}.Debug|x64.Build.0 = Debug|Any CPU
		{B46F0D39-CFD2-498D-A99E-E74F86546C3F}.Debug|x86.ActiveCfg = Debug|Any CPU
		{B46F0D39-CFD2-498D-A99E-E74F86546C3F}.Debug|x86.Build.0 = Debug|Any CPU
		{B46F0D39-CFD2-498D-A99E-E74F86546C3F}.Release|Any CPU.ActiveCfg = Release|Any CPU
		{B46F0D39-CFD2-498D-A99E-E74F86546C3F}.Release|Any CPU.Build.0 = Release|Any CPU
		{B46F0D39-CFD2-498D-A99E-E74F86546C3F}.Release|x64.ActiveCfg = Release|Any CPU
		{B46F0D39-CFD2-498D-A99E-E74F86546C3F}.Release|x64.Build.0 = Release|Any CPU
		{B46F0D39-CFD2-498D-A99E-E74F86546C3F}.Release|x86.ActiveCfg = Release|Any CPU
		{B46F0D39-CFD2-498D-A99E-E74F86546C3F}.Release|x86.Build.0 = Release|Any CPU
		{A042B154-AA60-4C57-A522-B7659062DC7E}.Debug|Any CPU.ActiveCfg = Debug|Any CPU
		{A042B154-AA60-4C57-A522-B7659062DC7E}.Debug|Any CPU.Build.0 = Debug|Any CPU
		{A042B154-AA60-4C57-A522-B7659062DC7E}.Debug|x64.ActiveCfg = Debug|Any CPU
		{A042B154-AA60-4C57-A522-B7659062DC7E}.Debug|x64.Build.0 = Debug|Any CPU
		{A042B154-AA60-4C57-A522-B7659062DC7E}.Debug|x86.ActiveCfg = Debug|Any CPU
		{A042B154-AA60-4C57-A522-B7659062DC7E}.Debug|x86.Build.0 = Debug|Any CPU
		{A042B154-AA60-4C57-A522-B7659062DC7E}.Release|Any CPU.ActiveCfg = Release|Any CPU
		{A042B154-AA60-4C57-A522-B7659062DC7E}.Release|Any CPU.Build.0 = Release|Any CPU
		{A042B154-AA60-4C57-A522-B7659062DC7E}.Release|x64.ActiveCfg = Release|Any CPU
		{A042B154-AA60-4C57-A522-B7659062DC7E}.Release|x64.Build.0 = Release|Any CPU
		{A042B154-AA60-4C57-A522-B7659062DC7E}.Release|x86.ActiveCfg = Release|Any CPU
		{A042B154-AA60-4C57-A522-B7659062DC7E}.Release|x86.Build.0 = Release|Any CPU
		{088554B8-41BF-4E20-AF9C-C99DBA38D0DC}.Debug|Any CPU.ActiveCfg = Debug|Any CPU
		{088554B8-41BF-4E20-AF9C-C99DBA38D0DC}.Debug|Any CPU.Build.0 = Debug|Any CPU
		{088554B8-41BF-4E20-AF9C-C99DBA38D0DC}.Debug|x64.ActiveCfg = Debug|Any CPU
		{088554B8-41BF-4E20-AF9C-C99DBA38D0DC}.Debug|x64.Build.0 = Debug|Any CPU
		{088554B8-41BF-4E20-AF9C-C99DBA38D0DC}.Debug|x86.ActiveCfg = Debug|Any CPU
		{088554B8-41BF-4E20-AF9C-C99DBA38D0DC}.Debug|x86.Build.0 = Debug|Any CPU
		{088554B8-41BF-4E20-AF9C-C99DBA38D0DC}.Release|Any CPU.ActiveCfg = Release|Any CPU
		{088554B8-41BF-4E20-AF9C-C99DBA38D0DC}.Release|Any CPU.Build.0 = Release|Any CPU
		{088554B8-41BF-4E20-AF9C-C99DBA38D0DC}.Release|x64.ActiveCfg = Release|Any CPU
		{088554B8-41BF-4E20-AF9C-C99DBA38D0DC}.Release|x64.Build.0 = Release|Any CPU
		{088554B8-41BF-4E20-AF9C-C99DBA38D0DC}.Release|x86.ActiveCfg = Release|Any CPU
		{088554B8-41BF-4E20-AF9C-C99DBA38D0DC}.Release|x86.Build.0 = Release|Any CPU
	EndGlobalSection
	GlobalSection(SolutionProperties) = preSolution
		HideSolutionNode = FALSE
	EndGlobalSection
EndGlobal
